
Microsoft Visual Studio Solution File, Format Version 12.00
# Visual Studio Version 17
VisualStudioVersion = 17.8.34330.188
MinimumVisualStudioVersion = 10.0.40219.1
Project("{FAE04EC0-301F-11D3-BF4B-00C04F79EFBC}") = "DropSingleFile", "DropSingleFile\DropSingleFile.csproj", "{E8AA0085-EB9F-437E-8D9C-5890F4829303}"
EndProject
Global
	GlobalSection(SolutionConfigurationPlatforms) = preSolution
		Debug|Any CPU = Debug|Any CPU
		Release|Any CPU = Release|Any CPU
	EndGlobalSection
	GlobalSection(ProjectConfigurationPlatforms) = postSolution
		{E8AA0085-EB9F-437E-8D9C-5890F4829303}.Debug|Any CPU.ActiveCfg = Debug|Any CPU
		{E8AA0085-EB9F-437E-8D9C-5890F4829303}.Debug|Any CPU.Build.0 = Debug|Any CPU
		{E8AA0085-EB9F-437E-8D9C-5890F4829303}.Release|Any CPU.ActiveCfg = Release|Any CPU
		{E8AA0085-EB9F-437E-8D9C-5890F4829303}.Release|Any CPU.Build.0 = Release|Any CPU
	EndGlobalSection
	GlobalSection(SolutionProperties) = preSolution
		HideSolutionNode = FALSE
	EndGlobalSection
	GlobalSection(ExtensibilityGlobals) = postSolution
		SolutionGuid = {555731B5-9D78-4ECB-81FA-420E09D891C7}
	EndGlobalSection
EndGlobal
