
Microsoft Visual Studio Solution File, Format Version 12.00
# Visual Studio Version 17
VisualStudioVersion = 17.8.34330.188
MinimumVisualStudioVersion = 10.0.40219.1
Project("{9A19103F-16F7-4668-BE54-9A1E7A4F7556}") = "DropSingleFileWpf", "DropSingleFile\DropSingleFileWpf\DropSingleFileWpf.csproj", "{E8AA0085-EB9F-437E-8D9C-5890F4829303}"
EndProject
Project("{9A19103F-16F7-4668-BE54-9A1E7A4F7556}") = "DropMultipleFilesWpf", "DropMultipleFiles\DropMultipleFilesWpf\DropMultipleFilesWpf.csproj", "{B449439A-988F-4454-8A13-0550B8269209}"
EndProject
Project("{9A19103F-16F7-4668-BE54-9A1E7A4F7556}") = "DropMultipleFilesComWpf", "DropMultipleFilesCom\DropMultipleFilesComWpf\DropMultipleFilesComWpf.csproj", "{0E3BC00F-7879-491D-AC7E-24940540D4E6}"
EndProject
Project("{9A19103F-16F7-4668-BE54-9A1E7A4F7556}") = "DropSingleFileWinForms", "DropSingleFile\DropSingleFileWinForms\DropSingleFileWinForms.csproj", "{A0C753D2-FCC5-4CF8-8B01-43447FF95F50}"
EndProject
Project("{9A19103F-16F7-4668-BE54-9A1E7A4F7556}") = "DropMultipleFilesWinForms", "DropMultipleFiles\DropMultipleFilesWinForms\DropMultipleFilesWinForms.csproj", "{B44FB7EE-72D6-4A29-9659-6F4FB0354B91}"
EndProject
Project("{9A19103F-16F7-4668-BE54-9A1E7A4F7556}") = "DropMultipleFilesComWinForms", "DropMultipleFilesCom\DropMultipleFilesComWinForms\DropMultipleFilesComWinForms.csproj", "{10B79CD2-8CDA-4684-BE33-2BECAC118BAE}"
EndProject
Project("{2150E333-8FDC-42A3-9474-1A3956D46DE8}") = "DropSingleFile", "DropSingleFile", "{50693C77-C189-40F3-AB69-BE5E8FAB549B}"
EndProject
Project("{2150E333-8FDC-42A3-9474-1A3956D46DE8}") = "DropMultipleFiles", "DropMultipleFiles", "{7C4C1BE3-6736-42BA-8192-E561FC65F2A7}"
EndProject
Project("{2150E333-8FDC-42A3-9474-1A3956D46DE8}") = "DropMultipleFilesCom", "DropMultipleFilesCom", "{48F584DC-D3BA-4E40-AFED-9D5E119E6E87}"
EndProject
Project("{2150E333-8FDC-42A3-9474-1A3956D46DE8}") = "DropMultipleFilesComAsync", "DropMultipleFilesComAsync", "{FA7F2027-C1EE-40EC-A71F-AEADA3AA5DF3}"
EndProject
Project("{9A19103F-16F7-4668-BE54-9A1E7A4F7556}") = "DropMultipleFilesComAsyncWpf", "DropMultipleFilesComAsync\DropMultipleFilesComAsyncWpf\DropMultipleFilesComAsyncWpf.csproj", "{D42C331F-15EC-4DAD-919F-B46B71AE499E}"
EndProject
Project("{9A19103F-16F7-4668-BE54-9A1E7A4F7556}") = "DropMultipleFilesComAsyncWinForms", "DropMultipleFilesComAsync\DropMultipleFilesComAsyncWinForms\DropMultipleFilesComAsyncWinForms.csproj", "{404613F0-3D88-4C9F-97F8-6C7BD2CC8B44}"
EndProject
Project("{2150E333-8FDC-42A3-9474-1A3956D46DE8}") = "DropMultipleFilesComAsyncDragImage", "DropMultipleFilesComAsyncDragImage", "{6DE41EB0-E076-4812-A641-DFE902A5E971}"
EndProject
Project("{9A19103F-16F7-4668-BE54-9A1E7A4F7556}") = "DropMultipleFilesComAsyncDragImageWpf", "DropMultipleFilesComAsyncDragImage\DropMultipleFilesComAsyncDragImageWpf\DropMultipleFilesComAsyncDragImageWpf.csproj", "{70FFBFF9-FD59-4F05-92E1-103993AEED7C}"
EndProject
Project("{9A19103F-16F7-4668-BE54-9A1E7A4F7556}") = "DropMultipleFilesComAsyncDragImageWinForms", "DropMultipleFilesComAsyncDragImage\DropMultipleFilesComAsyncDragImageWinForms\DropMultipleFilesComAsyncDragImageWinForms.csproj", "{5846095C-352E-48B3-8366-A27A7D5EE567}"
EndProject
Project("{2150E333-8FDC-42A3-9474-1A3956D46DE8}") = "DropDirectly", "DropDirectly", "{65CC6416-BAD3-4D6D-AA38-2860AD220120}"
EndProject
Project("{8BC9CEB8-8B4A-11D0-8D11-00A0C91BC942}") = "DroppedFolderDetectHookShellExtension", "DropFolderDirectly\DroppedFolderDetectHookShellExtension\DroppedFolderDetectHookShellExtension.vcxproj", "{FCFF7DF1-3FF1-419C-BF93-9542E228B306}"
EndProject
Global
	GlobalSection(SolutionConfigurationPlatforms) = preSolution
		Debug|Any CPU = Debug|Any CPU
		Debug|x64 = Debug|x64
		Debug|x86 = Debug|x86
		Release|Any CPU = Release|Any CPU
		Release|x64 = Release|x64
		Release|x86 = Release|x86
	EndGlobalSection
	GlobalSection(ProjectConfigurationPlatforms) = postSolution
		{E8AA0085-EB9F-437E-8D9C-5890F4829303}.Debug|Any CPU.ActiveCfg = Debug|Any CPU
		{E8AA0085-EB9F-437E-8D9C-5890F4829303}.Debug|Any CPU.Build.0 = Debug|Any CPU
		{E8AA0085-EB9F-437E-8D9C-5890F4829303}.Debug|x64.ActiveCfg = Debug|Any CPU
		{E8AA0085-EB9F-437E-8D9C-5890F4829303}.Debug|x64.Build.0 = Debug|Any CPU
		{E8AA0085-EB9F-437E-8D9C-5890F4829303}.Debug|x86.ActiveCfg = Debug|Any CPU
		{E8AA0085-EB9F-437E-8D9C-5890F4829303}.Debug|x86.Build.0 = Debug|Any CPU
		{E8AA0085-EB9F-437E-8D9C-5890F4829303}.Release|Any CPU.ActiveCfg = Release|Any CPU
		{E8AA0085-EB9F-437E-8D9C-5890F4829303}.Release|Any CPU.Build.0 = Release|Any CPU
		{E8AA0085-EB9F-437E-8D9C-5890F4829303}.Release|x64.ActiveCfg = Release|Any CPU
		{E8AA0085-EB9F-437E-8D9C-5890F4829303}.Release|x64.Build.0 = Release|Any CPU
		{E8AA0085-EB9F-437E-8D9C-5890F4829303}.Release|x86.ActiveCfg = Release|Any CPU
		{E8AA0085-EB9F-437E-8D9C-5890F4829303}.Release|x86.Build.0 = Release|Any CPU
		{B449439A-988F-4454-8A13-0550B8269209}.Debug|Any CPU.ActiveCfg = Debug|Any CPU
		{B449439A-988F-4454-8A13-0550B8269209}.Debug|Any CPU.Build.0 = Debug|Any CPU
		{B449439A-988F-4454-8A13-0550B8269209}.Debug|x64.ActiveCfg = Debug|Any CPU
		{B449439A-988F-4454-8A13-0550B8269209}.Debug|x64.Build.0 = Debug|Any CPU
		{B449439A-988F-4454-8A13-0550B8269209}.Debug|x86.ActiveCfg = Debug|Any CPU
		{B449439A-988F-4454-8A13-0550B8269209}.Debug|x86.Build.0 = Debug|Any CPU
		{B449439A-988F-4454-8A13-0550B8269209}.Release|Any CPU.ActiveCfg = Release|Any CPU
		{B449439A-988F-4454-8A13-0550B8269209}.Release|Any CPU.Build.0 = Release|Any CPU
		{B449439A-988F-4454-8A13-0550B8269209}.Release|x64.ActiveCfg = Release|Any CPU
		{B449439A-988F-4454-8A13-0550B8269209}.Release|x64.Build.0 = Release|Any CPU
		{B449439A-988F-4454-8A13-0550B8269209}.Release|x86.ActiveCfg = Release|Any CPU
		{B449439A-988F-4454-8A13-0550B8269209}.Release|x86.Build.0 = Release|Any CPU
		{0E3BC00F-7879-491D-AC7E-24940540D4E6}.Debug|Any CPU.ActiveCfg = Debug|Any CPU
		{0E3BC00F-7879-491D-AC7E-24940540D4E6}.Debug|Any CPU.Build.0 = Debug|Any CPU
		{0E3BC00F-7879-491D-AC7E-24940540D4E6}.Debug|x64.ActiveCfg = Debug|Any CPU
		{0E3BC00F-7879-491D-AC7E-24940540D4E6}.Debug|x64.Build.0 = Debug|Any CPU
		{0E3BC00F-7879-491D-AC7E-24940540D4E6}.Debug|x86.ActiveCfg = Debug|Any CPU
		{0E3BC00F-7879-491D-AC7E-24940540D4E6}.Debug|x86.Build.0 = Debug|Any CPU
		{0E3BC00F-7879-491D-AC7E-24940540D4E6}.Release|Any CPU.ActiveCfg = Release|Any CPU
		{0E3BC00F-7879-491D-AC7E-24940540D4E6}.Release|Any CPU.Build.0 = Release|Any CPU
		{0E3BC00F-7879-491D-AC7E-24940540D4E6}.Release|x64.ActiveCfg = Release|Any CPU
		{0E3BC00F-7879-491D-AC7E-24940540D4E6}.Release|x64.Build.0 = Release|Any CPU
		{0E3BC00F-7879-491D-AC7E-24940540D4E6}.Release|x86.ActiveCfg = Release|Any CPU
		{0E3BC00F-7879-491D-AC7E-24940540D4E6}.Release|x86.Build.0 = Release|Any CPU
		{A0C753D2-FCC5-4CF8-8B01-43447FF95F50}.Debug|Any CPU.ActiveCfg = Debug|Any CPU
		{A0C753D2-FCC5-4CF8-8B01-43447FF95F50}.Debug|Any CPU.Build.0 = Debug|Any CPU
		{A0C753D2-FCC5-4CF8-8B01-43447FF95F50}.Debug|x64.ActiveCfg = Debug|Any CPU
		{A0C753D2-FCC5-4CF8-8B01-43447FF95F50}.Debug|x64.Build.0 = Debug|Any CPU
		{A0C753D2-FCC5-4CF8-8B01-43447FF95F50}.Debug|x86.ActiveCfg = Debug|Any CPU
		{A0C753D2-FCC5-4CF8-8B01-43447FF95F50}.Debug|x86.Build.0 = Debug|Any CPU
		{A0C753D2-FCC5-4CF8-8B01-43447FF95F50}.Release|Any CPU.ActiveCfg = Release|Any CPU
		{A0C753D2-FCC5-4CF8-8B01-43447FF95F50}.Release|Any CPU.Build.0 = Release|Any CPU
		{A0C753D2-FCC5-4CF8-8B01-43447FF95F50}.Release|x64.ActiveCfg = Release|Any CPU
		{A0C753D2-FCC5-4CF8-8B01-43447FF95F50}.Release|x64.Build.0 = Release|Any CPU
		{A0C753D2-FCC5-4CF8-8B01-43447FF95F50}.Release|x86.ActiveCfg = Release|Any CPU
		{A0C753D2-FCC5-4CF8-8B01-43447FF95F50}.Release|x86.Build.0 = Release|Any CPU
		{B44FB7EE-72D6-4A29-9659-6F4FB0354B91}.Debug|Any CPU.ActiveCfg = Debug|Any CPU
		{B44FB7EE-72D6-4A29-9659-6F4FB0354B91}.Debug|Any CPU.Build.0 = Debug|Any CPU
		{B44FB7EE-72D6-4A29-9659-6F4FB0354B91}.Debug|x64.ActiveCfg = Debug|Any CPU
		{B44FB7EE-72D6-4A29-9659-6F4FB0354B91}.Debug|x64.Build.0 = Debug|Any CPU
		{B44FB7EE-72D6-4A29-9659-6F4FB0354B91}.Debug|x86.ActiveCfg = Debug|Any CPU
		{B44FB7EE-72D6-4A29-9659-6F4FB0354B91}.Debug|x86.Build.0 = Debug|Any CPU
		{B44FB7EE-72D6-4A29-9659-6F4FB0354B91}.Release|Any CPU.ActiveCfg = Release|Any CPU
		{B44FB7EE-72D6-4A29-9659-6F4FB0354B91}.Release|Any CPU.Build.0 = Release|Any CPU
		{B44FB7EE-72D6-4A29-9659-6F4FB0354B91}.Release|x64.ActiveCfg = Release|Any CPU
		{B44FB7EE-72D6-4A29-9659-6F4FB0354B91}.Release|x64.Build.0 = Release|Any CPU
		{B44FB7EE-72D6-4A29-9659-6F4FB0354B91}.Release|x86.ActiveCfg = Release|Any CPU
		{B44FB7EE-72D6-4A29-9659-6F4FB0354B91}.Release|x86.Build.0 = Release|Any CPU
		{10B79CD2-8CDA-4684-BE33-2BECAC118BAE}.Debug|Any CPU.ActiveCfg = Debug|Any CPU
		{10B79CD2-8CDA-4684-BE33-2BECAC118BAE}.Debug|Any CPU.Build.0 = Debug|Any CPU
		{10B79CD2-8CDA-4684-BE33-2BECAC118BAE}.Debug|x64.ActiveCfg = Debug|Any CPU
		{10B79CD2-8CDA-4684-BE33-2BECAC118BAE}.Debug|x64.Build.0 = Debug|Any CPU
		{10B79CD2-8CDA-4684-BE33-2BECAC118BAE}.Debug|x86.ActiveCfg = Debug|Any CPU
		{10B79CD2-8CDA-4684-BE33-2BECAC118BAE}.Debug|x86.Build.0 = Debug|Any CPU
		{10B79CD2-8CDA-4684-BE33-2BECAC118BAE}.Release|Any CPU.ActiveCfg = Release|Any CPU
		{10B79CD2-8CDA-4684-BE33-2BECAC118BAE}.Release|Any CPU.Build.0 = Release|Any CPU
		{10B79CD2-8CDA-4684-BE33-2BECAC118BAE}.Release|x64.ActiveCfg = Release|Any CPU
		{10B79CD2-8CDA-4684-BE33-2BECAC118BAE}.Release|x64.Build.0 = Release|Any CPU
		{10B79CD2-8CDA-4684-BE33-2BECAC118BAE}.Release|x86.ActiveCfg = Release|Any CPU
		{10B79CD2-8CDA-4684-BE33-2BECAC118BAE}.Release|x86.Build.0 = Release|Any CPU
		{D42C331F-15EC-4DAD-919F-B46B71AE499E}.Debug|Any CPU.ActiveCfg = Debug|Any CPU
		{D42C331F-15EC-4DAD-919F-B46B71AE499E}.Debug|Any CPU.Build.0 = Debug|Any CPU
		{D42C331F-15EC-4DAD-919F-B46B71AE499E}.Debug|x64.ActiveCfg = Debug|Any CPU
		{D42C331F-15EC-4DAD-919F-B46B71AE499E}.Debug|x64.Build.0 = Debug|Any CPU
		{D42C331F-15EC-4DAD-919F-B46B71AE499E}.Debug|x86.ActiveCfg = Debug|Any CPU
		{D42C331F-15EC-4DAD-919F-B46B71AE499E}.Debug|x86.Build.0 = Debug|Any CPU
		{D42C331F-15EC-4DAD-919F-B46B71AE499E}.Release|Any CPU.ActiveCfg = Release|Any CPU
		{D42C331F-15EC-4DAD-919F-B46B71AE499E}.Release|Any CPU.Build.0 = Release|Any CPU
		{D42C331F-15EC-4DAD-919F-B46B71AE499E}.Release|x64.ActiveCfg = Release|Any CPU
		{D42C331F-15EC-4DAD-919F-B46B71AE499E}.Release|x64.Build.0 = Release|Any CPU
		{D42C331F-15EC-4DAD-919F-B46B71AE499E}.Release|x86.ActiveCfg = Release|Any CPU
		{D42C331F-15EC-4DAD-919F-B46B71AE499E}.Release|x86.Build.0 = Release|Any CPU
		{404613F0-3D88-4C9F-97F8-6C7BD2CC8B44}.Debug|Any CPU.ActiveCfg = Debug|Any CPU
		{404613F0-3D88-4C9F-97F8-6C7BD2CC8B44}.Debug|Any CPU.Build.0 = Debug|Any CPU
		{404613F0-3D88-4C9F-97F8-6C7BD2CC8B44}.Debug|x64.ActiveCfg = Debug|Any CPU
		{404613F0-3D88-4C9F-97F8-6C7BD2CC8B44}.Debug|x64.Build.0 = Debug|Any CPU
		{404613F0-3D88-4C9F-97F8-6C7BD2CC8B44}.Debug|x86.ActiveCfg = Debug|Any CPU
		{404613F0-3D88-4C9F-97F8-6C7BD2CC8B44}.Debug|x86.Build.0 = Debug|Any CPU
		{404613F0-3D88-4C9F-97F8-6C7BD2CC8B44}.Release|Any CPU.ActiveCfg = Release|Any CPU
		{404613F0-3D88-4C9F-97F8-6C7BD2CC8B44}.Release|Any CPU.Build.0 = Release|Any CPU
		{404613F0-3D88-4C9F-97F8-6C7BD2CC8B44}.Release|x64.ActiveCfg = Release|Any CPU
		{404613F0-3D88-4C9F-97F8-6C7BD2CC8B44}.Release|x64.Build.0 = Release|Any CPU
		{404613F0-3D88-4C9F-97F8-6C7BD2CC8B44}.Release|x86.ActiveCfg = Release|Any CPU
		{404613F0-3D88-4C9F-97F8-6C7BD2CC8B44}.Release|x86.Build.0 = Release|Any CPU
		{70FFBFF9-FD59-4F05-92E1-103993AEED7C}.Debug|Any CPU.ActiveCfg = Debug|Any CPU
		{70FFBFF9-FD59-4F05-92E1-103993AEED7C}.Debug|Any CPU.Build.0 = Debug|Any CPU
		{70FFBFF9-FD59-4F05-92E1-103993AEED7C}.Debug|x64.ActiveCfg = Debug|Any CPU
		{70FFBFF9-FD59-4F05-92E1-103993AEED7C}.Debug|x64.Build.0 = Debug|Any CPU
		{70FFBFF9-FD59-4F05-92E1-103993AEED7C}.Debug|x86.ActiveCfg = Debug|Any CPU
		{70FFBFF9-FD59-4F05-92E1-103993AEED7C}.Debug|x86.Build.0 = Debug|Any CPU
		{70FFBFF9-FD59-4F05-92E1-103993AEED7C}.Release|Any CPU.ActiveCfg = Release|Any CPU
		{70FFBFF9-FD59-4F05-92E1-103993AEED7C}.Release|Any CPU.Build.0 = Release|Any CPU
		{70FFBFF9-FD59-4F05-92E1-103993AEED7C}.Release|x64.ActiveCfg = Release|Any CPU
		{70FFBFF9-FD59-4F05-92E1-103993AEED7C}.Release|x64.Build.0 = Release|Any CPU
		{70FFBFF9-FD59-4F05-92E1-103993AEED7C}.Release|x86.ActiveCfg = Release|Any CPU
		{70FFBFF9-FD59-4F05-92E1-103993AEED7C}.Release|x86.Build.0 = Release|Any CPU
		{5846095C-352E-48B3-8366-A27A7D5EE567}.Debug|Any CPU.ActiveCfg = Debug|Any CPU
		{5846095C-352E-48B3-8366-A27A7D5EE567}.Debug|Any CPU.Build.0 = Debug|Any CPU
		{5846095C-352E-48B3-8366-A27A7D5EE567}.Debug|x64.ActiveCfg = Debug|Any CPU
		{5846095C-352E-48B3-8366-A27A7D5EE567}.Debug|x64.Build.0 = Debug|Any CPU
		{5846095C-352E-48B3-8366-A27A7D5EE567}.Debug|x86.ActiveCfg = Debug|Any CPU
		{5846095C-352E-48B3-8366-A27A7D5EE567}.Debug|x86.Build.0 = Debug|Any CPU
		{5846095C-352E-48B3-8366-A27A7D5EE567}.Release|Any CPU.ActiveCfg = Release|Any CPU
		{5846095C-352E-48B3-8366-A27A7D5EE567}.Release|Any CPU.Build.0 = Release|Any CPU
		{5846095C-352E-48B3-8366-A27A7D5EE567}.Release|x64.ActiveCfg = Release|Any CPU
		{5846095C-352E-48B3-8366-A27A7D5EE567}.Release|x64.Build.0 = Release|Any CPU
		{5846095C-352E-48B3-8366-A27A7D5EE567}.Release|x86.ActiveCfg = Release|Any CPU
		{5846095C-352E-48B3-8366-A27A7D5EE567}.Release|x86.Build.0 = Release|Any CPU
		{FCFF7DF1-3FF1-419C-BF93-9542E228B306}.Debug|Any CPU.ActiveCfg = Debug|x64
		{FCFF7DF1-3FF1-419C-BF93-9542E228B306}.Debug|Any CPU.Build.0 = Debug|x64
		{FCFF7DF1-3FF1-419C-BF93-9542E228B306}.Debug|x64.ActiveCfg = Debug|x64
		{FCFF7DF1-3FF1-419C-BF93-9542E228B306}.Debug|x64.Build.0 = Debug|x64
		{FCFF7DF1-3FF1-419C-BF93-9542E228B306}.Debug|x86.ActiveCfg = Debug|Win32
		{FCFF7DF1-3FF1-419C-BF93-9542E228B306}.Debug|x86.Build.0 = Debug|Win32
		{FCFF7DF1-3FF1-419C-BF93-9542E228B306}.Release|Any CPU.ActiveCfg = Release|x64
		{FCFF7DF1-3FF1-419C-BF93-9542E228B306}.Release|Any CPU.Build.0 = Release|x64
		{FCFF7DF1-3FF1-419C-BF93-9542E228B306}.Release|x64.ActiveCfg = Release|x64
		{FCFF7DF1-3FF1-419C-BF93-9542E228B306}.Release|x64.Build.0 = Release|x64
		{FCFF7DF1-3FF1-419C-BF93-9542E228B306}.Release|x86.ActiveCfg = Release|Win32
		{FCFF7DF1-3FF1-419C-BF93-9542E228B306}.Release|x86.Build.0 = Release|Win32
	EndGlobalSection
	GlobalSection(SolutionProperties) = preSolution
		HideSolutionNode = FALSE
	EndGlobalSection
	GlobalSection(NestedProjects) = preSolution
		{E8AA0085-EB9F-437E-8D9C-5890F4829303} = {50693C77-C189-40F3-AB69-BE5E8FAB549B}
		{B449439A-988F-4454-8A13-0550B8269209} = {7C4C1BE3-6736-42BA-8192-E561FC65F2A7}
		{0E3BC00F-7879-491D-AC7E-24940540D4E6} = {48F584DC-D3BA-4E40-AFED-9D5E119E6E87}
		{A0C753D2-FCC5-4CF8-8B01-43447FF95F50} = {50693C77-C189-40F3-AB69-BE5E8FAB549B}
		{B44FB7EE-72D6-4A29-9659-6F4FB0354B91} = {7C4C1BE3-6736-42BA-8192-E561FC65F2A7}
		{10B79CD2-8CDA-4684-BE33-2BECAC118BAE} = {48F584DC-D3BA-4E40-AFED-9D5E119E6E87}
		{D42C331F-15EC-4DAD-919F-B46B71AE499E} = {FA7F2027-C1EE-40EC-A71F-AEADA3AA5DF3}
		{404613F0-3D88-4C9F-97F8-6C7BD2CC8B44} = {FA7F2027-C1EE-40EC-A71F-AEADA3AA5DF3}
		{70FFBFF9-FD59-4F05-92E1-103993AEED7C} = {6DE41EB0-E076-4812-A641-DFE902A5E971}
		{5846095C-352E-48B3-8366-A27A7D5EE567} = {6DE41EB0-E076-4812-A641-DFE902A5E971}
		{FCFF7DF1-3FF1-419C-BF93-9542E228B306} = {65CC6416-BAD3-4D6D-AA38-2860AD220120}
	EndGlobalSection
	GlobalSection(ExtensibilityGlobals) = postSolution
		SolutionGuid = {555731B5-9D78-4ECB-81FA-420E09D891C7}
	EndGlobalSection
EndGlobal
